
Microsoft Visual Studio Solution File, Format Version 12.00
# Visual Studio Version 17
VisualStudioVersion = 17.13.35806.99
MinimumVisualStudioVersion = 10.0.40219.1
Project("{FAE04EC0-301F-11D3-BF4B-00C04F79EFBC}") = "LibraryManagement", "LibraryManagement.csproj", "{63018DEB-C9FF-A199-B7D3-1AA258569588}"
EndProject
Global
	GlobalSection(SolutionConfigurationPlatforms) = preSolution
		Debug|Any CPU = Debug|Any CPU
		Debug|x64 = Debug|x64
		Debug|x86 = Debug|x86
		Release|Any CPU = Release|Any CPU
		Release|x64 = Release|x64
		Release|x86 = Release|x86
	EndGlobalSection
	GlobalSection(ProjectConfigurationPlatforms) = postSolution
		{63018DEB-C9FF-A199-B7D3-1AA258569588}.Debug|Any CPU.ActiveCfg = Debug|Any CPU
		{63018DEB-C9FF-A199-B7D3-1AA258569588}.Debug|Any CPU.Build.0 = Debug|Any CPU
		{63018DEB-C9FF-A199-B7D3-1AA258569588}.Debug|x64.ActiveCfg = Debug|Any CPU
		{63018DEB-C9FF-A199-B7D3-1AA258569588}.Debug|x64.Build.0 = Debug|Any CPU
		{63018DEB-C9FF-A199-B7D3-1AA258569588}.Debug|x86.ActiveCfg = Debug|Any CPU
		{63018DEB-C9FF-A199-B7D3-1AA258569588}.Debug|x86.Build.0 = Debug|Any CPU
		{63018DEB-C9FF-A199-B7D3-1AA258569588}.Release|Any CPU.ActiveCfg = Release|Any CPU
		{63018DEB-C9FF-A199-B7D3-1AA258569588}.Release|Any CPU.Build.0 = Release|Any CPU
		{63018DEB-C9FF-A199-B7D3-1AA258569588}.Release|x64.ActiveCfg = Release|Any CPU
		{63018DEB-C9FF-A199-B7D3-1AA258569588}.Release|x64.Build.0 = Release|Any CPU
		{63018DEB-C9FF-A199-B7D3-1AA258569588}.Release|x86.ActiveCfg = Release|Any CPU
		{63018DEB-C9FF-A199-B7D3-1AA258569588}.Release|x86.Build.0 = Release|Any CPU
	EndGlobalSection
	GlobalSection(SolutionProperties) = preSolution
		HideSolutionNode = FALSE
	EndGlobalSection
	GlobalSection(ExtensibilityGlobals) = postSolution
		SolutionGuid = {612B8F5C-EBB2-446A-A268-C803ED10F685}
	EndGlobalSection
EndGlobal
